
Microsoft Visual Studio Solution File, Format Version 12.00
# Visual Studio Version 17
VisualStudioVersion = 17.7.34221.43
MinimumVisualStudioVersion = 10.0.40219.1
Project("{9A19103F-16F7-4668-BE54-9A1E7A4F7556}") = "BlazorEcommerce.Server", "BlazorEcommerce\Server\BlazorEcommerce.Server.csproj", "{58D5CF69-E4A9-4EF9-BF56-6315396B7B3B}"
EndProject
Project("{9A19103F-16F7-4668-BE54-9A1E7A4F7556}") = "BlazorEcommerce.Client", "BlazorEcommerce\Client\BlazorEcommerce.Client.csproj", "{77855B76-5F21-4581-B0FA-CCCC224D7FEF}"
EndProject
Project("{9A19103F-16F7-4668-BE54-9A1E7A4F7556}") = "BlazorEcommerce.Shared", "BlazorEcommerce\Shared\BlazorEcommerce.Shared.csproj", "{23BA7963-CDD5-4C77-A18A-8DC6AC5C3C26}"
EndProject
Global
	GlobalSection(SolutionConfigurationPlatforms) = preSolution
		Debug|Any CPU = Debug|Any CPU
		Release|Any CPU = Release|Any CPU
	EndGlobalSection
	GlobalSection(ProjectConfigurationPlatforms) = postSolution
		{58D5CF69-E4A9-4EF9-BF56-6315396B7B3B}.Debug|Any CPU.ActiveCfg = Debug|Any CPU
		{58D5CF69-E4A9-4EF9-BF56-6315396B7B3B}.Debug|Any CPU.Build.0 = Debug|Any CPU
		{58D5CF69-E4A9-4EF9-BF56-6315396B7B3B}.Release|Any CPU.ActiveCfg = Release|Any CPU
		{58D5CF69-E4A9-4EF9-BF56-6315396B7B3B}.Release|Any CPU.Build.0 = Release|Any CPU
		{77855B76-5F21-4581-B0FA-CCCC224D7FEF}.Debug|Any CPU.ActiveCfg = Debug|Any CPU
		{77855B76-5F21-4581-B0FA-CCCC224D7FEF}.Debug|Any CPU.Build.0 = Debug|Any CPU
		{77855B76-5F21-4581-B0FA-CCCC224D7FEF}.Release|Any CPU.ActiveCfg = Release|Any CPU
		{77855B76-5F21-4581-B0FA-CCCC224D7FEF}.Release|Any CPU.Build.0 = Release|Any CPU
		{23BA7963-CDD5-4C77-A18A-8DC6AC5C3C26}.Debug|Any CPU.ActiveCfg = Debug|Any CPU
		{23BA7963-CDD5-4C77-A18A-8DC6AC5C3C26}.Debug|Any CPU.Build.0 = Debug|Any CPU
		{23BA7963-CDD5-4C77-A18A-8DC6AC5C3C26}.Release|Any CPU.ActiveCfg = Release|Any CPU
		{23BA7963-CDD5-4C77-A18A-8DC6AC5C3C26}.Release|Any CPU.Build.0 = Release|Any CPU
	EndGlobalSection
	GlobalSection(SolutionProperties) = preSolution
		HideSolutionNode = FALSE
	EndGlobalSection
	GlobalSection(ExtensibilityGlobals) = postSolution
		SolutionGuid = {A7057979-15AD-4D6A-AF64-213591FE16C0}
	EndGlobalSection
EndGlobal
